
Microsoft Visual Studio Solution File, Format Version 12.00
# Visual Studio Version 17
VisualStudioVersion = 17.13.35913.81 d17.13
MinimumVisualStudioVersion = 10.0.40219.1
Project("{FAE04EC0-301F-11D3-BF4B-00C04F79EFBC}") = "terscapasSi", "terscapasSi\terscapasSi.csproj", "{BB32F7D2-547E-433E-A2F7-5FB813969480}"
EndProject
Global
	GlobalSection(SolutionConfigurationPlatforms) = preSolution
		Debug|Any CPU = Debug|Any CPU
		Release|Any CPU = Release|Any CPU
	EndGlobalSection
	GlobalSection(ProjectConfigurationPlatforms) = postSolution
		{BB32F7D2-547E-433E-A2F7-5FB813969480}.Debug|Any CPU.ActiveCfg = Debug|Any CPU
		{BB32F7D2-547E-433E-A2F7-5FB813969480}.Debug|Any CPU.Build.0 = Debug|Any CPU
		{BB32F7D2-547E-433E-A2F7-5FB813969480}.Release|Any CPU.ActiveCfg = Release|Any CPU
		{BB32F7D2-547E-433E-A2F7-5FB813969480}.Release|Any CPU.Build.0 = Release|Any CPU
	EndGlobalSection
	GlobalSection(SolutionProperties) = preSolution
		HideSolutionNode = FALSE
	EndGlobalSection
	GlobalSection(ExtensibilityGlobals) = postSolution
		SolutionGuid = {7AA591A7-33CD-4249-AA26-AA838EE38563}
	EndGlobalSection
EndGlobal
